// !$*UTF8*$!
{
	archiveVersion = 1;
	classes = {
	};
	objectVersion = 56;
	objects = {

/* Begin PBXBuildFile section */
		B3291E4A2972049500E9DAAC /* JojoModels in Frameworks */ = {isa = PBXBuildFile; productRef = B3291E492972049500E9DAAC /* JojoModels */; };
		B3291E4C29723FC200E9DAAC /* DirectoryObserver.swift in Sources */ = {isa = PBXBuildFile; fileRef = B3291E4B29723FC200E9DAAC /* DirectoryObserver.swift */; };
		B3291E5029723FFA00E9DAAC /* FileObserver.swift in Sources */ = {isa = PBXBuildFile; fileRef = B3291E4F29723FFA00E9DAAC /* FileObserver.swift */; };
		B3440595296CEBA100A0038D /* JojoApp.swift in Sources */ = {isa = PBXBuildFile; fileRef = B3440594296CEBA100A0038D /* JojoApp.swift */; };
		B3440597296CEBA100A0038D /* ContentView.swift in Sources */ = {isa = PBXBuildFile; fileRef = B3440596296CEBA100A0038D /* ContentView.swift */; };
		B3440599296CEBA300A0038D /* Assets.xcassets in Resources */ = {isa = PBXBuildFile; fileRef = B3440598296CEBA300A0038D /* Assets.xcassets */; };
		B344059C296CEBA300A0038D /* Preview Assets.xcassets in Resources */ = {isa = PBXBuildFile; fileRef = B344059B296CEBA300A0038D /* Preview Assets.xcassets */; };
		B38B742E296E406500395DBA /* JojoWatchApp.swift in Sources */ = {isa = PBXBuildFile; fileRef = B38B742D296E406500395DBA /* JojoWatchApp.swift */; };
		B38B7430296E406500395DBA /* ContentView.swift in Sources */ = {isa = PBXBuildFile; fileRef = B38B742F296E406500395DBA /* ContentView.swift */; };
		B38B7432296E406600395DBA /* Assets.xcassets in Resources */ = {isa = PBXBuildFile; fileRef = B38B7431296E406600395DBA /* Assets.xcassets */; };
		B38B7435296E406600395DBA /* Preview Assets.xcassets in Resources */ = {isa = PBXBuildFile; fileRef = B38B7434296E406600395DBA /* Preview Assets.xcassets */; };
		B3B2DC6C296F3B2E003F0CF8 /* JojoModels in Frameworks */ = {isa = PBXBuildFile; productRef = B3B2DC6B296F3B2E003F0CF8 /* JojoModels */; };
/* End PBXBuildFile section */

/* Begin PBXFileReference section */
		B3291E4B29723FC200E9DAAC /* DirectoryObserver.swift */ = {isa = PBXFileReference; lastKnownFileType = sourcecode.swift; path = DirectoryObserver.swift; sourceTree = "<group>"; };
		B3291E4F29723FFA00E9DAAC /* FileObserver.swift */ = {isa = PBXFileReference; lastKnownFileType = sourcecode.swift; path = FileObserver.swift; sourceTree = "<group>"; };
		B3440591296CEBA100A0038D /* Jojo.app */ = {isa = PBXFileReference; explicitFileType = wrapper.application; includeInIndex = 0; path = Jojo.app; sourceTree = BUILT_PRODUCTS_DIR; };
		B3440594296CEBA100A0038D /* JojoApp.swift */ = {isa = PBXFileReference; lastKnownFileType = sourcecode.swift; path = JojoApp.swift; sourceTree = "<group>"; };
		B3440596296CEBA100A0038D /* ContentView.swift */ = {isa = PBXFileReference; lastKnownFileType = sourcecode.swift; path = ContentView.swift; sourceTree = "<group>"; };
		B3440598296CEBA300A0038D /* Assets.xcassets */ = {isa = PBXFileReference; lastKnownFileType = folder.assetcatalog; path = Assets.xcassets; sourceTree = "<group>"; };
		B344059B296CEBA300A0038D /* Preview Assets.xcassets */ = {isa = PBXFileReference; lastKnownFileType = folder.assetcatalog; path = "Preview Assets.xcassets"; sourceTree = "<group>"; };
		B34405A2296CEDD200A0038D /* Jojo.entitlements */ = {isa = PBXFileReference; lastKnownFileType = text.plist.entitlements; path = Jojo.entitlements; sourceTree = "<group>"; };
		B38B742B296E406500395DBA /* JojoWatch Watch App.app */ = {isa = PBXFileReference; explicitFileType = wrapper.application; includeInIndex = 0; path = "JojoWatch Watch App.app"; sourceTree = BUILT_PRODUCTS_DIR; };
		B38B742D296E406500395DBA /* JojoWatchApp.swift */ = {isa = PBXFileReference; lastKnownFileType = sourcecode.swift; path = JojoWatchApp.swift; sourceTree = "<group>"; };
		B38B742F296E406500395DBA /* ContentView.swift */ = {isa = PBXFileReference; lastKnownFileType = sourcecode.swift; path = ContentView.swift; sourceTree = "<group>"; };
		B38B7431296E406600395DBA /* Assets.xcassets */ = {isa = PBXFileReference; lastKnownFileType = folder.assetcatalog; path = Assets.xcassets; sourceTree = "<group>"; };
		B38B7434296E406600395DBA /* Preview Assets.xcassets */ = {isa = PBXFileReference; lastKnownFileType = folder.assetcatalog; path = "Preview Assets.xcassets"; sourceTree = "<group>"; };
		B3B304F6296DDB9B0011055C /* Jojo */ = {isa = PBXFileReference; lastKnownFileType = wrapper; path = Jojo; sourceTree = "<group>"; };
/* End PBXFileReference section */

/* Begin PBXFrameworksBuildPhase section */
		B344058E296CEBA100A0038D /* Frameworks */ = {
			isa = PBXFrameworksBuildPhase;
			buildActionMask = 2147483647;
			files = (
				B3B2DC6C296F3B2E003F0CF8 /* JojoModels in Frameworks */,
			);
			runOnlyForDeploymentPostprocessing = 0;
		};
		B38B7428296E406500395DBA /* Frameworks */ = {
			isa = PBXFrameworksBuildPhase;
			buildActionMask = 2147483647;
			files = (
				B3291E4A2972049500E9DAAC /* JojoModels in Frameworks */,
			);
			runOnlyForDeploymentPostprocessing = 0;
		};
/* End PBXFrameworksBuildPhase section */

/* Begin PBXGroup section */
		B3440588296CEBA100A0038D = {
			isa = PBXGroup;
			children = (
				B3B304F5296DDB9B0011055C /* Packages */,
				B3440593296CEBA100A0038D /* Jojo */,
				B38B742C296E406500395DBA /* JojoWatch Watch App */,
				B3440592296CEBA100A0038D /* Products */,
				B3B2DC68296F3AA7003F0CF8 /* Frameworks */,
			);
			sourceTree = "<group>";
		};
		B3440592296CEBA100A0038D /* Products */ = {
			isa = PBXGroup;
			children = (
				B3440591296CEBA100A0038D /* Jojo.app */,
				B38B742B296E406500395DBA /* JojoWatch Watch App.app */,
			);
			name = Products;
			sourceTree = "<group>";
		};
		B3440593296CEBA100A0038D /* Jojo */ = {
			isa = PBXGroup;
			children = (
				B34405A2296CEDD200A0038D /* Jojo.entitlements */,
				B3440594296CEBA100A0038D /* JojoApp.swift */,
				B3440596296CEBA100A0038D /* ContentView.swift */,
				B3440598296CEBA300A0038D /* Assets.xcassets */,
				B344059A296CEBA300A0038D /* Preview Content */,
			);
			path = Jojo;
			sourceTree = "<group>";
		};
		B344059A296CEBA300A0038D /* Preview Content */ = {
			isa = PBXGroup;
			children = (
				B344059B296CEBA300A0038D /* Preview Assets.xcassets */,
			);
			path = "Preview Content";
			sourceTree = "<group>";
		};
		B38B742C296E406500395DBA /* JojoWatch Watch App */ = {
			isa = PBXGroup;
			children = (
				B38B742D296E406500395DBA /* JojoWatchApp.swift */,
				B3291E4F29723FFA00E9DAAC /* FileObserver.swift */,
				B38B742F296E406500395DBA /* ContentView.swift */,
				B38B7431296E406600395DBA /* Assets.xcassets */,
				B38B7433296E406600395DBA /* Preview Content */,
				B3291E4B29723FC200E9DAAC /* DirectoryObserver.swift */,
			);
			path = "JojoWatch Watch App";
			sourceTree = "<group>";
		};
		B38B7433296E406600395DBA /* Preview Content */ = {
			isa = PBXGroup;
			children = (
				B38B7434296E406600395DBA /* Preview Assets.xcassets */,
			);
			path = "Preview Content";
			sourceTree = "<group>";
		};
		B3B2DC68296F3AA7003F0CF8 /* Frameworks */ = {
			isa = PBXGroup;
			children = (
			);
			name = Frameworks;
			sourceTree = "<group>";
		};
		B3B304F5296DDB9B0011055C /* Packages */ = {
			isa = PBXGroup;
			children = (
				B3B304F6296DDB9B0011055C /* Jojo */,
			);
			path = Packages;
			sourceTree = "<group>";
		};
/* End PBXGroup section */

/* Begin PBXNativeTarget section */
		B3440590296CEBA100A0038D /* Jojo */ = {
			isa = PBXNativeTarget;
			buildConfigurationList = B344059F296CEBA300A0038D /* Build configuration list for PBXNativeTarget "Jojo" */;
			buildPhases = (
				B344058D296CEBA100A0038D /* Sources */,
				B344058E296CEBA100A0038D /* Frameworks */,
				B344058F296CEBA100A0038D /* Resources */,
			);
			buildRules = (
			);
			dependencies = (
			);
			name = Jojo;
			packageProductDependencies = (
				B3B2DC6B296F3B2E003F0CF8 /* JojoModels */,
			);
			productName = Jojo;
			productReference = B3440591296CEBA100A0038D /* Jojo.app */;
			productType = "com.apple.product-type.application";
		};
		B38B742A296E406500395DBA /* JojoWatch Watch App */ = {
			isa = PBXNativeTarget;
			buildConfigurationList = B38B7438296E406600395DBA /* Build configuration list for PBXNativeTarget "JojoWatch Watch App" */;
			buildPhases = (
				B38B7427296E406500395DBA /* Sources */,
				B38B7428296E406500395DBA /* Frameworks */,
				B38B7429296E406500395DBA /* Resources */,
			);
			buildRules = (
			);
			dependencies = (
			);
			name = "JojoWatch Watch App";
			packageProductDependencies = (
				B3291E492972049500E9DAAC /* JojoModels */,
			);
			productName = "JojoWatch Watch App";
			productReference = B38B742B296E406500395DBA /* JojoWatch Watch App.app */;
			productType = "com.apple.product-type.application";
		};
/* End PBXNativeTarget section */

/* Begin PBXProject section */
		B3440589296CEBA100A0038D /* Project object */ = {
			isa = PBXProject;
			attributes = {
				BuildIndependentTargetsInParallel = 1;
				LastSwiftUpdateCheck = 1420;
				LastUpgradeCheck = 1420;
				TargetAttributes = {
					B3440590296CEBA100A0038D = {
						CreatedOnToolsVersion = 14.2;
					};
					B38B742A296E406500395DBA = {
						CreatedOnToolsVersion = 14.2;
					};
				};
			};
			buildConfigurationList = B344058C296CEBA100A0038D /* Build configuration list for PBXProject "Jojo" */;
			compatibilityVersion = "Xcode 14.0";
			developmentRegion = en;
			hasScannedForEncodings = 0;
			knownRegions = (
				en,
				Base,
			);
			mainGroup = B3440588296CEBA100A0038D;
			productRefGroup = B3440592296CEBA100A0038D /* Products */;
			projectDirPath = "";
			projectRoot = "";
			targets = (
				B3440590296CEBA100A0038D /* Jojo */,
				B38B742A296E406500395DBA /* JojoWatch Watch App */,
			);
		};
/* End PBXProject section */

/* Begin PBXResourcesBuildPhase section */
		B344058F296CEBA100A0038D /* Resources */ = {
			isa = PBXResourcesBuildPhase;
			buildActionMask = 2147483647;
			files = (
				B344059C296CEBA300A0038D /* Preview Assets.xcassets in Resources */,
				B3440599296CEBA300A0038D /* Assets.xcassets in Resources */,
			);
			runOnlyForDeploymentPostprocessing = 0;
		};
		B38B7429296E406500395DBA /* Resources */ = {
			isa = PBXResourcesBuildPhase;
			buildActionMask = 2147483647;
			files = (
				B38B7435296E406600395DBA /* Preview Assets.xcassets in Resources */,
				B38B7432296E406600395DBA /* Assets.xcassets in Resources */,
			);
			runOnlyForDeploymentPostprocessing = 0;
		};
/* End PBXResourcesBuildPhase section */

/* Begin PBXSourcesBuildPhase section */
		B344058D296CEBA100A0038D /* Sources */ = {
			isa = PBXSourcesBuildPhase;
			buildActionMask = 2147483647;
			files = (
				B3440597296CEBA100A0038D /* ContentView.swift in Sources */,
				B3440595296CEBA100A0038D /* JojoApp.swift in Sources */,
			);
			runOnlyForDeploymentPostprocessing = 0;
		};
		B38B7427296E406500395DBA /* Sources */ = {
			isa = PBXSourcesBuildPhase;
			buildActionMask = 2147483647;
			files = (
				B38B7430296E406500395DBA /* ContentView.swift in Sources */,
				B38B742E296E406500395DBA /* JojoWatchApp.swift in Sources */,
				B3291E4C29723FC200E9DAAC /* DirectoryObserver.swift in Sources */,
				B3291E5029723FFA00E9DAAC /* FileObserver.swift in Sources */,
			);
			runOnlyForDeploymentPostprocessing = 0;
		};
/* End PBXSourcesBuildPhase section */

/* Begin XCBuildConfiguration section */
		B344059D296CEBA300A0038D /* Debug */ = {
			isa = XCBuildConfiguration;
			buildSettings = {
				ALWAYS_SEARCH_USER_PATHS = NO;
				CLANG_ANALYZER_NONNULL = YES;
				CLANG_ANALYZER_NUMBER_OBJECT_CONVERSION = YES_AGGRESSIVE;
				CLANG_CXX_LANGUAGE_STANDARD = "gnu++20";
				CLANG_ENABLE_MODULES = YES;
				CLANG_ENABLE_OBJC_ARC = YES;
				CLANG_ENABLE_OBJC_WEAK = YES;
				CLANG_WARN_BLOCK_CAPTURE_AUTORELEASING = YES;
				CLANG_WARN_BOOL_CONVERSION = YES;
				CLANG_WARN_COMMA = YES;
				CLANG_WARN_CONSTANT_CONVERSION = YES;
				CLANG_WARN_DEPRECATED_OBJC_IMPLEMENTATIONS = YES;
				CLANG_WARN_DIRECT_OBJC_ISA_USAGE = YES_ERROR;
				CLANG_WARN_DOCUMENTATION_COMMENTS = YES;
				CLANG_WARN_EMPTY_BODY = YES;
				CLANG_WARN_ENUM_CONVERSION = YES;
				CLANG_WARN_INFINITE_RECURSION = YES;
				CLANG_WARN_INT_CONVERSION = YES;
				CLANG_WARN_NON_LITERAL_NULL_CONVERSION = YES;
				CLANG_WARN_OBJC_IMPLICIT_RETAIN_SELF = YES;
				CLANG_WARN_OBJC_LITERAL_CONVERSION = YES;
				CLANG_WARN_OBJC_ROOT_CLASS = YES_ERROR;
				CLANG_WARN_QUOTED_INCLUDE_IN_FRAMEWORK_HEADER = YES;
				CLANG_WARN_RANGE_LOOP_ANALYSIS = YES;
				CLANG_WARN_STRICT_PROTOTYPES = YES;
				CLANG_WARN_SUSPICIOUS_MOVE = YES;
				CLANG_WARN_UNGUARDED_AVAILABILITY = YES_AGGRESSIVE;
				CLANG_WARN_UNREACHABLE_CODE = YES;
				CLANG_WARN__DUPLICATE_METHOD_MATCH = YES;
				COPY_PHASE_STRIP = NO;
				DEBUG_INFORMATION_FORMAT = dwarf;
				ENABLE_STRICT_OBJC_MSGSEND = YES;
				ENABLE_TESTABILITY = YES;
				GCC_C_LANGUAGE_STANDARD = gnu11;
				GCC_DYNAMIC_NO_PIC = NO;
				GCC_NO_COMMON_BLOCKS = YES;
				GCC_OPTIMIZATION_LEVEL = 0;
				GCC_PREPROCESSOR_DEFINITIONS = (
					"DEBUG=1",
					"$(inherited)",
				);
				GCC_WARN_64_TO_32_BIT_CONVERSION = YES;
				GCC_WARN_ABOUT_RETURN_TYPE = YES_ERROR;
				GCC_WARN_UNDECLARED_SELECTOR = YES;
				GCC_WARN_UNINITIALIZED_AUTOS = YES_AGGRESSIVE;
				GCC_WARN_UNUSED_FUNCTION = YES;
				GCC_WARN_UNUSED_VARIABLE = YES;
				IPHONEOS_DEPLOYMENT_TARGET = 16.2;
				MTL_ENABLE_DEBUG_INFO = INCLUDE_SOURCE;
				MTL_FAST_MATH = YES;
				ONLY_ACTIVE_ARCH = YES;
				SDKROOT = iphoneos;
				SWIFT_ACTIVE_COMPILATION_CONDITIONS = DEBUG;
				SWIFT_OPTIMIZATION_LEVEL = "-Onone";
			};
			name = Debug;
		};
		B344059E296CEBA300A0038D /* Release */ = {
			isa = XCBuildConfiguration;
			buildSettings = {
				ALWAYS_SEARCH_USER_PATHS = NO;
				CLANG_ANALYZER_NONNULL = YES;
				CLANG_ANALYZER_NUMBER_OBJECT_CONVERSION = YES_AGGRESSIVE;
				CLANG_CXX_LANGUAGE_STANDARD = "gnu++20";
				CLANG_ENABLE_MODULES = YES;
				CLANG_ENABLE_OBJC_ARC = YES;
				CLANG_ENABLE_OBJC_WEAK = YES;
				CLANG_WARN_BLOCK_CAPTURE_AUTORELEASING = YES;
				CLANG_WARN_BOOL_CONVERSION = YES;
				CLANG_WARN_COMMA = YES;
				CLANG_WARN_CONSTANT_CONVERSION = YES;
				CLANG_WARN_DEPRECATED_OBJC_IMPLEMENTATIONS = YES;
				CLANG_WARN_DIRECT_OBJC_ISA_USAGE = YES_ERROR;
				CLANG_WARN_DOCUMENTATION_COMMENTS = YES;
				CLANG_WARN_EMPTY_BODY = YES;
				CLANG_WARN_ENUM_CONVERSION = YES;
				CLANG_WARN_INFINITE_RECURSION = YES;
				CLANG_WARN_INT_CONVERSION = YES;
				CLANG_WARN_NON_LITERAL_NULL_CONVERSION = YES;
				CLANG_WARN_OBJC_IMPLICIT_RETAIN_SELF = YES;
				CLANG_WARN_OBJC_LITERAL_CONVERSION = YES;
				CLANG_WARN_OBJC_ROOT_CLASS = YES_ERROR;
				CLANG_WARN_QUOTED_INCLUDE_IN_FRAMEWORK_HEADER = YES;
				CLANG_WARN_RANGE_LOOP_ANALYSIS = YES;
				CLANG_WARN_STRICT_PROTOTYPES = YES;
				CLANG_WARN_SUSPICIOUS_MOVE = YES;
				CLANG_WARN_UNGUARDED_AVAILABILITY = YES_AGGRESSIVE;
				CLANG_WARN_UNREACHABLE_CODE = YES;
				CLANG_WARN__DUPLICATE_METHOD_MATCH = YES;
				COPY_PHASE_STRIP = NO;
				DEBUG_INFORMATION_FORMAT = "dwarf-with-dsym";
				ENABLE_NS_ASSERTIONS = NO;
				ENABLE_STRICT_OBJC_MSGSEND = YES;
				GCC_C_LANGUAGE_STANDARD = gnu11;
				GCC_NO_COMMON_BLOCKS = YES;
				GCC_WARN_64_TO_32_BIT_CONVERSION = YES;
				GCC_WARN_ABOUT_RETURN_TYPE = YES_ERROR;
				GCC_WARN_UNDECLARED_SELECTOR = YES;
				GCC_WARN_UNINITIALIZED_AUTOS = YES_AGGRESSIVE;
				GCC_WARN_UNUSED_FUNCTION = YES;
				GCC_WARN_UNUSED_VARIABLE = YES;
				IPHONEOS_DEPLOYMENT_TARGET = 16.2;
				MTL_ENABLE_DEBUG_INFO = NO;
				MTL_FAST_MATH = YES;
				SDKROOT = iphoneos;
				SWIFT_COMPILATION_MODE = wholemodule;
				SWIFT_OPTIMIZATION_LEVEL = "-O";
				VALIDATE_PRODUCT = YES;
			};
			name = Release;
		};
		B34405A0296CEBA300A0038D /* Debug */ = {
			isa = XCBuildConfiguration;
			buildSettings = {
				ASSETCATALOG_COMPILER_APPICON_NAME = AppIcon;
				ASSETCATALOG_COMPILER_GLOBAL_ACCENT_COLOR_NAME = AccentColor;
				CODE_SIGN_ENTITLEMENTS = Jojo/Jojo.entitlements;
				CODE_SIGN_STYLE = Automatic;
				CURRENT_PROJECT_VERSION = 1;
				DEVELOPMENT_ASSET_PATHS = "\"Jojo/Preview Content\"";
				DEVELOPMENT_TEAM = MLT7M394S7;
				ENABLE_PREVIEWS = YES;
				GENERATE_INFOPLIST_FILE = YES;
				INFOPLIST_KEY_UIApplicationSceneManifest_Generation = YES;
				INFOPLIST_KEY_UIApplicationSupportsIndirectInputEvents = YES;
				INFOPLIST_KEY_UILaunchScreen_Generation = YES;
				INFOPLIST_KEY_UISupportedInterfaceOrientations_iPad = "UIInterfaceOrientationPortrait UIInterfaceOrientationPortraitUpsideDown UIInterfaceOrientationLandscapeLeft UIInterfaceOrientationLandscapeRight";
				INFOPLIST_KEY_UISupportedInterfaceOrientations_iPhone = "UIInterfaceOrientationPortrait UIInterfaceOrientationLandscapeLeft UIInterfaceOrientationLandscapeRight";
				LD_RUNPATH_SEARCH_PATHS = (
					"$(inherited)",
					"@executable_path/Frameworks",
				);
				MARKETING_VERSION = 1.0;
				PRODUCT_BUNDLE_IDENTIFIER = com.BrightDigit.Jojo;
				PRODUCT_NAME = "$(TARGET_NAME)";
				SWIFT_EMIT_LOC_STRINGS = YES;
				SWIFT_VERSION = 5.0;
				TARGETED_DEVICE_FAMILY = "1,2";
			};
			name = Debug;
		};
		B34405A1296CEBA300A0038D /* Release */ = {
			isa = XCBuildConfiguration;
			buildSettings = {
				ASSETCATALOG_COMPILER_APPICON_NAME = AppIcon;
				ASSETCATALOG_COMPILER_GLOBAL_ACCENT_COLOR_NAME = AccentColor;
				CODE_SIGN_ENTITLEMENTS = Jojo/Jojo.entitlements;
				CODE_SIGN_STYLE = Automatic;
				CURRENT_PROJECT_VERSION = 1;
				DEVELOPMENT_ASSET_PATHS = "\"Jojo/Preview Content\"";
				DEVELOPMENT_TEAM = MLT7M394S7;
				ENABLE_PREVIEWS = YES;
				GENERATE_INFOPLIST_FILE = YES;
				INFOPLIST_KEY_UIApplicationSceneManifest_Generation = YES;
				INFOPLIST_KEY_UIApplicationSupportsIndirectInputEvents = YES;
				INFOPLIST_KEY_UILaunchScreen_Generation = YES;
				INFOPLIST_KEY_UISupportedInterfaceOrientations_iPad = "UIInterfaceOrientationPortrait UIInterfaceOrientationPortraitUpsideDown UIInterfaceOrientationLandscapeLeft UIInterfaceOrientationLandscapeRight";
				INFOPLIST_KEY_UISupportedInterfaceOrientations_iPhone = "UIInterfaceOrientationPortrait UIInterfaceOrientationLandscapeLeft UIInterfaceOrientationLandscapeRight";
				LD_RUNPATH_SEARCH_PATHS = (
					"$(inherited)",
					"@executable_path/Frameworks",
				);
				MARKETING_VERSION = 1.0;
				PRODUCT_BUNDLE_IDENTIFIER = com.BrightDigit.Jojo;
				PRODUCT_NAME = "$(TARGET_NAME)";
				SWIFT_EMIT_LOC_STRINGS = YES;
				SWIFT_VERSION = 5.0;
				TARGETED_DEVICE_FAMILY = "1,2";
			};
			name = Release;
		};
		B38B7436296E406600395DBA /* Debug */ = {
			isa = XCBuildConfiguration;
			buildSettings = {
				ASSETCATALOG_COMPILER_APPICON_NAME = AppIcon;
				ASSETCATALOG_COMPILER_GLOBAL_ACCENT_COLOR_NAME = AccentColor;
				CODE_SIGN_STYLE = Automatic;
				CURRENT_PROJECT_VERSION = 1;
				DEVELOPMENT_ASSET_PATHS = "\"JojoWatch Watch App/Preview Content\"";
				DEVELOPMENT_TEAM = MLT7M394S7;
				ENABLE_PREVIEWS = YES;
				GENERATE_INFOPLIST_FILE = YES;
				INFOPLIST_KEY_CFBundleDisplayName = JojoWatch;
				INFOPLIST_KEY_UISupportedInterfaceOrientations = "UIInterfaceOrientationPortrait UIInterfaceOrientationPortraitUpsideDown";
				INFOPLIST_KEY_WKCompanionAppBundleIdentifier = com.BrightDigit.Jojo;
				LD_RUNPATH_SEARCH_PATHS = (
					"$(inherited)",
					"@executable_path/Frameworks",
				);
				MARKETING_VERSION = 1.0;
				PRODUCT_BUNDLE_IDENTIFIER = com.BrightDigit.Jojo.watchkitapp;
				PRODUCT_NAME = "$(TARGET_NAME)";
				SDKROOT = watchos;
				SKIP_INSTALL = YES;
				SWIFT_EMIT_LOC_STRINGS = YES;
				SWIFT_VERSION = 5.0;
				TARGETED_DEVICE_FAMILY = 4;
				WATCHOS_DEPLOYMENT_TARGET = 9.1;
			};
			name = Debug;
		};
		B38B7437296E406600395DBA /* Release */ = {
			isa = XCBuildConfiguration;
			buildSettings = {
				ASSETCATALOG_COMPILER_APPICON_NAME = AppIcon;
				ASSETCATALOG_COMPILER_GLOBAL_ACCENT_COLOR_NAME = AccentColor;
				CODE_SIGN_STYLE = Automatic;
				CURRENT_PROJECT_VERSION = 1;
				DEVELOPMENT_ASSET_PATHS = "\"JojoWatch Watch App/Preview Content\"";
				DEVELOPMENT_TEAM = MLT7M394S7;
				ENABLE_PREVIEWS = YES;
				GENERATE_INFOPLIST_FILE = YES;
				INFOPLIST_KEY_CFBundleDisplayName = JojoWatch;
				INFOPLIST_KEY_UISupportedInterfaceOrientations = "UIInterfaceOrientationPortrait UIInterfaceOrientationPortraitUpsideDown";
				INFOPLIST_KEY_WKCompanionAppBundleIdentifier = com.BrightDigit.Jojo;
				LD_RUNPATH_SEARCH_PATHS = (
					"$(inherited)",
					"@executable_path/Frameworks",
				);
				MARKETING_VERSION = 1.0;
				PRODUCT_BUNDLE_IDENTIFIER = com.BrightDigit.Jojo.watchkitapp;
				PRODUCT_NAME = "$(TARGET_NAME)";
				SDKROOT = watchos;
				SKIP_INSTALL = YES;
				SWIFT_EMIT_LOC_STRINGS = YES;
				SWIFT_VERSION = 5.0;
				TARGETED_DEVICE_FAMILY = 4;
				WATCHOS_DEPLOYMENT_TARGET = 9.1;
			};
			name = Release;
		};
/* End XCBuildConfiguration section */

/* Begin XCConfigurationList section */
		B344058C296CEBA100A0038D /* Build configuration list for PBXProject "Jojo" */ = {
			isa = XCConfigurationList;
			buildConfigurations = (
				B344059D296CEBA300A0038D /* Debug */,
				B344059E296CEBA300A0038D /* Release */,
			);
			defaultConfigurationIsVisible = 0;
			defaultConfigurationName = Release;
		};
		B344059F296CEBA300A0038D /* Build configuration list for PBXNativeTarget "Jojo" */ = {
			isa = XCConfigurationList;
			buildConfigurations = (
				B34405A0296CEBA300A0038D /* Debug */,
				B34405A1296CEBA300A0038D /* Release */,
			);
			defaultConfigurationIsVisible = 0;
			defaultConfigurationName = Release;
		};
		B38B7438296E406600395DBA /* Build configuration list for PBXNativeTarget "JojoWatch Watch App" */ = {
			isa = XCConfigurationList;
			buildConfigurations = (
				B38B7436296E406600395DBA /* Debug */,
				B38B7437296E406600395DBA /* Release */,
			);
			defaultConfigurationIsVisible = 0;
			defaultConfigurationName = Release;
		};
/* End XCConfigurationList section */

/* Begin XCSwiftPackageProductDependency section */
		B3291E492972049500E9DAAC /* JojoModels */ = {
			isa = XCSwiftPackageProductDependency;
			productName = JojoModels;
		};
		B3B2DC6B296F3B2E003F0CF8 /* JojoModels */ = {
			isa = XCSwiftPackageProductDependency;
			productName = JojoModels;
		};
/* End XCSwiftPackageProductDependency section */
	};
	rootObject = B3440589296CEBA100A0038D /* Project object */;
}
